
Microsoft Visual Studio Solution File, Format Version 12.00
# Visual Studio 14
VisualStudioVersion = 14.0.24720.0
MinimumVisualStudioVersion = 10.0.40219.1
Project("{FAE04EC0-301F-11D3-BF4B-00C04F79EFBC}") = "Core.Instrumentation", "Core.Instrumentation.csproj", "{B383D182-4502-498A-B050-650F8663DFDF}"
EndProject
Global
	GlobalSection(SolutionConfigurationPlatforms) = preSolution
		Debug|Any CPU = Debug|Any CPU
		Release|Any CPU = Release|Any CPU
	EndGlobalSection
	GlobalSection(ProjectConfigurationPlatforms) = postSolution
		{B383D182-4502-498A-B050-650F8663DFDF}.Debug|Any CPU.ActiveCfg = Debug|Any CPU
		{B383D182-4502-498A-B050-650F8663DFDF}.Debug|Any CPU.Build.0 = Debug|Any CPU
		{B383D182-4502-498A-B050-650F8663DFDF}.Release|Any CPU.ActiveCfg = Release|Any CPU
		{B383D182-4502-498A-B050-650F8663DFDF}.Release|Any CPU.Build.0 = Release|Any CPU
	EndGlobalSection
	GlobalSection(SolutionProperties) = preSolution
		HideSolutionNode = FALSE
	EndGlobalSection
EndGlobal
